
Microsoft Visual Studio Solution File, Format Version 12.00
# Visual Studio Version 17
VisualStudioVersion = 17.5.002.0
MinimumVisualStudioVersion = 10.0.40219.1
Project("{9A19103F-16F7-4668-BE54-9A1E7A4F7556}") = "task_01", "task_01\task_01.csproj", "{43E597B3-16DA-4EAD-9E61-B13C931E43EA}"
EndProject
Project("{9A19103F-16F7-4668-BE54-9A1E7A4F7556}") = "task_02", "task_02\task_02.csproj", "{414CCFA3-5D38-427A-95EE-22EBF33321B9}"
EndProject
Project("{9A19103F-16F7-4668-BE54-9A1E7A4F7556}") = "task_03", "task_03\task_03.csproj", "{77BBFF01-CB19-4BFD-9AF6-32A4994C84BB}"
EndProject
Global
	GlobalSection(SolutionConfigurationPlatforms) = preSolution
		Debug|Any CPU = Debug|Any CPU
		Release|Any CPU = Release|Any CPU
	EndGlobalSection
	GlobalSection(ProjectConfigurationPlatforms) = postSolution
		{43E597B3-16DA-4EAD-9E61-B13C931E43EA}.Debug|Any CPU.ActiveCfg = Debug|Any CPU
		{43E597B3-16DA-4EAD-9E61-B13C931E43EA}.Debug|Any CPU.Build.0 = Debug|Any CPU
		{43E597B3-16DA-4EAD-9E61-B13C931E43EA}.Release|Any CPU.ActiveCfg = Release|Any CPU
		{43E597B3-16DA-4EAD-9E61-B13C931E43EA}.Release|Any CPU.Build.0 = Release|Any CPU
		{414CCFA3-5D38-427A-95EE-22EBF33321B9}.Debug|Any CPU.ActiveCfg = Debug|Any CPU
		{414CCFA3-5D38-427A-95EE-22EBF33321B9}.Debug|Any CPU.Build.0 = Debug|Any CPU
		{414CCFA3-5D38-427A-95EE-22EBF33321B9}.Release|Any CPU.ActiveCfg = Release|Any CPU
		{414CCFA3-5D38-427A-95EE-22EBF33321B9}.Release|Any CPU.Build.0 = Release|Any CPU
		{77BBFF01-CB19-4BFD-9AF6-32A4994C84BB}.Debug|Any CPU.ActiveCfg = Debug|Any CPU
		{77BBFF01-CB19-4BFD-9AF6-32A4994C84BB}.Debug|Any CPU.Build.0 = Debug|Any CPU
		{77BBFF01-CB19-4BFD-9AF6-32A4994C84BB}.Release|Any CPU.ActiveCfg = Release|Any CPU
		{77BBFF01-CB19-4BFD-9AF6-32A4994C84BB}.Release|Any CPU.Build.0 = Release|Any CPU
	EndGlobalSection
	GlobalSection(SolutionProperties) = preSolution
		HideSolutionNode = FALSE
	EndGlobalSection
	GlobalSection(ExtensibilityGlobals) = postSolution
		SolutionGuid = {B69CCFFE-5E6A-4486-986D-85C46ED6BFCB}
	EndGlobalSection
EndGlobal
